
Microsoft Visual Studio Solution File, Format Version 12.00
# Visual Studio Version 16
VisualStudioVersion = 16.0.30717.126
MinimumVisualStudioVersion = 10.0.40219.1
Project("{9A19103F-16F7-4668-BE54-9A1E7A4F7556}") = "BlazorServerSample", "BlazorServerSample\BlazorServerSample.csproj", "{F550E567-A8E5-414C-836B-84F4047C4860}"
EndProject
Project("{9A19103F-16F7-4668-BE54-9A1E7A4F7556}") = "BlazorWasmClientSample", "BlazorWasmClientSample\BlazorWasmClientSample.csproj", "{A0BDD82B-56CD-4257-A621-561E6C95CC92}"
EndProject
Global
	GlobalSection(SolutionConfigurationPlatforms) = preSolution
		Debug|Any CPU = Debug|Any CPU
		Release|Any CPU = Release|Any CPU
	EndGlobalSection
	GlobalSection(ProjectConfigurationPlatforms) = postSolution
		{F550E567-A8E5-414C-836B-84F4047C4860}.Debug|Any CPU.ActiveCfg = Debug|Any CPU
		{F550E567-A8E5-414C-836B-84F4047C4860}.Debug|Any CPU.Build.0 = Debug|Any CPU
		{F550E567-A8E5-414C-836B-84F4047C4860}.Release|Any CPU.ActiveCfg = Release|Any CPU
		{F550E567-A8E5-414C-836B-84F4047C4860}.Release|Any CPU.Build.0 = Release|Any CPU
		{A0BDD82B-56CD-4257-A621-561E6C95CC92}.Debug|Any CPU.ActiveCfg = Debug|Any CPU
		{A0BDD82B-56CD-4257-A621-561E6C95CC92}.Debug|Any CPU.Build.0 = Debug|Any CPU
		{A0BDD82B-56CD-4257-A621-561E6C95CC92}.Release|Any CPU.ActiveCfg = Release|Any CPU
		{A0BDD82B-56CD-4257-A621-561E6C95CC92}.Release|Any CPU.Build.0 = Release|Any CPU
	EndGlobalSection
	GlobalSection(SolutionProperties) = preSolution
		HideSolutionNode = FALSE
	EndGlobalSection
	GlobalSection(ExtensibilityGlobals) = postSolution
		SolutionGuid = {32CBF089-A33A-442A-AC7D-D515C473A693}
	EndGlobalSection
EndGlobal
